
Microsoft Visual Studio Solution File, Format Version 12.00
# Visual Studio Version 16
VisualStudioVersion = 16.0.32901.82
MinimumVisualStudioVersion = 10.0.40219.1
Project("{FAE04EC0-301F-11D3-BF4B-00C04F79EFBC}") = "Libreria de clases", "Libreria de clases\Libreria de clases.csproj", "{4AB12476-1F64-4784-845E-868BCC2A3BA1}"
EndProject
Project("{FAE04EC0-301F-11D3-BF4B-00C04F79EFBC}") = "Forms", "Forms\Forms.csproj", "{4380EF2C-8420-4088-A11F-C7C969DB555E}"
EndProject
Global
	GlobalSection(SolutionConfigurationPlatforms) = preSolution
		Debug|Any CPU = Debug|Any CPU
		Release|Any CPU = Release|Any CPU
	EndGlobalSection
	GlobalSection(ProjectConfigurationPlatforms) = postSolution
		{4AB12476-1F64-4784-845E-868BCC2A3BA1}.Debug|Any CPU.ActiveCfg = Debug|Any CPU
		{4AB12476-1F64-4784-845E-868BCC2A3BA1}.Debug|Any CPU.Build.0 = Debug|Any CPU
		{4AB12476-1F64-4784-845E-868BCC2A3BA1}.Release|Any CPU.ActiveCfg = Release|Any CPU
		{4AB12476-1F64-4784-845E-868BCC2A3BA1}.Release|Any CPU.Build.0 = Release|Any CPU
		{4380EF2C-8420-4088-A11F-C7C969DB555E}.Debug|Any CPU.ActiveCfg = Debug|Any CPU
		{4380EF2C-8420-4088-A11F-C7C969DB555E}.Debug|Any CPU.Build.0 = Debug|Any CPU
		{4380EF2C-8420-4088-A11F-C7C969DB555E}.Release|Any CPU.ActiveCfg = Release|Any CPU
		{4380EF2C-8420-4088-A11F-C7C969DB555E}.Release|Any CPU.Build.0 = Release|Any CPU
	EndGlobalSection
	GlobalSection(SolutionProperties) = preSolution
		HideSolutionNode = FALSE
	EndGlobalSection
	GlobalSection(ExtensibilityGlobals) = postSolution
		SolutionGuid = {084D7266-169F-4098-88D6-39A0937B5402}
	EndGlobalSection
EndGlobal
